
Microsoft Visual Studio Solution File, Format Version 12.00
# Visual Studio Version 17
VisualStudioVersion = 17.13.35931.197 d17.13
MinimumVisualStudioVersion = 10.0.40219.1
Project("{FAE04EC0-301F-11D3-BF4B-00C04F79EFBC}") = "EmployeesApp.Web", "EmployeesApp.Web\EmployeesApp.Web.csproj", "{5493F085-9C88-4BA3-9CE3-10FA8F06D8B3}"
EndProject
Global
	GlobalSection(SolutionConfigurationPlatforms) = preSolution
		Debug|Any CPU = Debug|Any CPU
		Release|Any CPU = Release|Any CPU
	EndGlobalSection
	GlobalSection(ProjectConfigurationPlatforms) = postSolution
		{5493F085-9C88-4BA3-9CE3-10FA8F06D8B3}.Debug|Any CPU.ActiveCfg = Debug|Any CPU
		{5493F085-9C88-4BA3-9CE3-10FA8F06D8B3}.Debug|Any CPU.Build.0 = Debug|Any CPU
		{5493F085-9C88-4BA3-9CE3-10FA8F06D8B3}.Release|Any CPU.ActiveCfg = Release|Any CPU
		{5493F085-9C88-4BA3-9CE3-10FA8F06D8B3}.Release|Any CPU.Build.0 = Release|Any CPU
	EndGlobalSection
	GlobalSection(SolutionProperties) = preSolution
		HideSolutionNode = FALSE
	EndGlobalSection
	GlobalSection(ExtensibilityGlobals) = postSolution
		SolutionGuid = {737D96EF-C362-4EB1-BFB9-93C742DF0BF3}
	EndGlobalSection
EndGlobal
